lockfileVersion: '6.0'

dependencies:
  '@types/node':
    specifier: 20.4.4
    version: registry.npmjs.org/@types/node@20.4.4
  '@types/react':
    specifier: 18.2.16
    version: registry.npmjs.org/@types/react@18.2.16
  '@types/react-dom':
    specifier: 18.2.7
    version: registry.npmjs.org/@types/react-dom@18.2.7
  next:
    specifier: 13.4.12
    version: registry.npmjs.org/next@13.4.12(react-dom@18.2.0)(react@18.2.0)
  react:
    specifier: 18.2.0
    version: registry.npmjs.org/react@18.2.0
  react-dom:
    specifier: 18.2.0
    version: registry.npmjs.org/react-dom@18.2.0(react@18.2.0)
  typescript:
    specifier: 5.1.6
    version: registry.npmjs.org/typescript@5.1.6

packages:

  registry.npmjs.org/@next/env@13.4.12:
    resolution: {integrity: sha512-RmHanbV21saP/6OEPBJ7yJMuys68cIf8OBBWd7+uj40LdpmswVAwe1uzeuFyUsd6SfeITWT3XnQfn6wULeKwDQ==, registry: https://gitlab.stashaway.com/api/v4/packages/npm/, tarball: https://registry.npmjs.org/@next/env/-/env-13.4.12.tgz}
    name: '@next/env'
    version: 13.4.12
    dev: false

  registry.npmjs.org/@next/swc-darwin-arm64@13.4.12:
    resolution: {integrity: sha512-deUrbCXTMZ6ZhbOoloqecnUeNpUOupi8SE2tx4jPfNS9uyUR9zK4iXBvH65opVcA/9F5I/p8vDXSYbUlbmBjZg==, registry: https://gitlab.stashaway.com/api/v4/packages/npm/, tarball: https://registry.npmjs.org/@next/swc-darwin-arm64/-/swc-darwin-arm64-13.4.12.tgz}
    name: '@next/swc-darwin-arm64'
    version: 13.4.12
    engines: {node: '>= 10'}
    cpu: [arm64]
    os: [darwin]
    requiresBuild: true
    dev: false
    optional: true

  registry.npmjs.org/@next/swc-darwin-x64@13.4.12:
    resolution: {integrity: sha512-WRvH7RxgRHlC1yb5oG0ZLx8F7uci9AivM5/HGGv9ZyG2Als8Ij64GC3d+mQ5sJhWjusyU6T6V1WKTUoTmOB0zQ==, registry: https://gitlab.stashaway.com/api/v4/packages/npm/, tarball: https://registry.npmjs.org/@next/swc-darwin-x64/-/swc-darwin-x64-13.4.12.tgz}
    name: '@next/swc-darwin-x64'
    version: 13.4.12
    engines: {node: '>= 10'}
    cpu: [x64]
    os: [darwin]
    requiresBuild: true
    dev: false
    optional: true

  registry.npmjs.org/@next/swc-linux-arm64-gnu@13.4.12:
    resolution: {integrity: sha512-YEKracAWuxp54tKiAvvq73PUs9lok57cc8meYRibTWe/VdPB2vLgkTVWFcw31YDuRXdEhdX0fWS6Q+ESBhnEig==, registry: https://gitlab.stashaway.com/api/v4/packages/npm/, tarball: https://registry.npmjs.org/@next/swc-linux-arm64-gnu/-/swc-linux-arm64-gnu-13.4.12.tgz}
    name: '@next/swc-linux-arm64-gnu'
    version: 13.4.12
    engines: {node: '>= 10'}
    cpu: [arm64]
    os: [linux]
    requiresBuild: true
    dev: false
    optional: true

  registry.npmjs.org/@next/swc-linux-arm64-musl@13.4.12:
    resolution: {integrity: sha512-LhJR7/RAjdHJ2Isl2pgc/JaoxNk0KtBgkVpiDJPVExVWA1c6gzY57+3zWuxuyWzTG+fhLZo2Y80pLXgIJv7g3g==, registry: https://gitlab.stashaway.com/api/v4/packages/npm/, tarball: https://registry.npmjs.org/@next/swc-linux-arm64-musl/-/swc-linux-arm64-musl-13.4.12.tgz}
    name: '@next/swc-linux-arm64-musl'
    version: 13.4.12
    engines: {node: '>= 10'}
    cpu: [arm64]
    os: [linux]
    requiresBuild: true
    dev: false
    optional: true

  registry.npmjs.org/@next/swc-linux-x64-gnu@13.4.12:
    resolution: {integrity: sha512-1DWLL/B9nBNiQRng+1aqs3OaZcxC16Nf+mOnpcrZZSdyKHek3WQh6j/fkbukObgNGwmCoVevLUa/p3UFTTqgqg==, registry: https://gitlab.stashaway.com/api/v4/packages/npm/, tarball: https://registry.npmjs.org/@next/swc-linux-x64-gnu/-/swc-linux-x64-gnu-13.4.12.tgz}
    name: '@next/swc-linux-x64-gnu'
    version: 13.4.12
    engines: {node: '>= 10'}
    cpu: [x64]
    os: [linux]
    requiresBuild: true
    dev: false
    optional: true

  registry.npmjs.org/@next/swc-linux-x64-musl@13.4.12:
    resolution: {integrity: sha512-kEAJmgYFhp0VL+eRWmUkVxLVunn7oL9Mdue/FS8yzRBVj7Z0AnIrHpTIeIUl1bbdQq1VaoOztnKicAjfkLTRCQ==, registry: https://gitlab.stashaway.com/api/v4/packages/npm/, tarball: https://registry.npmjs.org/@next/swc-linux-x64-musl/-/swc-linux-x64-musl-13.4.12.tgz}
    name: '@next/swc-linux-x64-musl'
    version: 13.4.12
    engines: {node: '>= 10'}
    cpu: [x64]
    os: [linux]
    requiresBuild: true
    dev: false
    optional: true

  registry.npmjs.org/@next/swc-win32-arm64-msvc@13.4.12:
    resolution: {integrity: sha512-GMLuL/loR6yIIRTnPRY6UGbLL9MBdw2anxkOnANxvLvsml4F0HNIgvnU3Ej4BjbqMTNjD4hcPFdlEow4XHPdZA==, registry: https://gitlab.stashaway.com/api/v4/packages/npm/, tarball: https://registry.npmjs.org/@next/swc-win32-arm64-msvc/-/swc-win32-arm64-msvc-13.4.12.tgz}
    name: '@next/swc-win32-arm64-msvc'
    version: 13.4.12
    engines: {node: '>= 10'}
    cpu: [arm64]
    os: [win32]
    requiresBuild: true
    dev: false
    optional: true

  registry.npmjs.org/@next/swc-win32-ia32-msvc@13.4.12:
    resolution: {integrity: sha512-PhgNqN2Vnkm7XaMdRmmX0ZSwZXQAtamBVSa9A/V1dfKQCV1rjIZeiy/dbBnVYGdj63ANfsOR/30XpxP71W0eww==, registry: https://gitlab.stashaway.com/api/v4/packages/npm/, tarball: https://registry.npmjs.org/@next/swc-win32-ia32-msvc/-/swc-win32-ia32-msvc-13.4.12.tgz}
    name: '@next/swc-win32-ia32-msvc'
    version: 13.4.12
    engines: {node: '>= 10'}
    cpu: [ia32]
    os: [win32]
    requiresBuild: true
    dev: false
    optional: true

  registry.npmjs.org/@next/swc-win32-x64-msvc@13.4.12:
    resolution: {integrity: sha512-Z+56e/Ljt0bUs+T+jPjhFyxYBcdY2RIq9ELFU+qAMQMteHo7ymbV7CKmlcX59RI9C4YzN8PgMgLyAoi916b5HA==, registry: https://gitlab.stashaway.com/api/v4/packages/npm/, tarball: https://registry.npmjs.org/@next/swc-win32-x64-msvc/-/swc-win32-x64-msvc-13.4.12.tgz}
    name: '@next/swc-win32-x64-msvc'
    version: 13.4.12
    engines: {node: '>= 10'}
    cpu: [x64]
    os: [win32]
    requiresBuild: true
    dev: false
    optional: true

  registry.npmjs.org/@swc/helpers@0.5.1:
    resolution: {integrity: sha512-sJ902EfIzn1Fa+qYmjdQqh8tPsoxyBz+8yBKC2HKUxyezKJFwPGOn7pv4WY6QuQW//ySQi5lJjA/ZT9sNWWNTg==, registry: https://gitlab.stashaway.com/api/v4/packages/npm/, tarball: https://registry.npmjs.org/@swc/helpers/-/helpers-0.5.1.tgz}
    name: '@swc/helpers'
    version: 0.5.1
    dependencies:
      tslib: registry.npmjs.org/tslib@2.6.1
    dev: false

  registry.npmjs.org/@types/node@20.4.4:
    resolution: {integrity: sha512-CukZhumInROvLq3+b5gLev+vgpsIqC2D0deQr/yS1WnxvmYLlJXZpaQrQiseMY+6xusl79E04UjWoqyr+t1/Ew==, registry: https://gitlab.stashaway.com/api/v4/packages/npm/, tarball: https://registry.npmjs.org/@types/node/-/node-20.4.4.tgz}
    name: '@types/node'
    version: 20.4.4
    dev: false

  registry.npmjs.org/@types/prop-types@15.7.5:
    resolution: {integrity: sha512-JCB8C6SnDoQf0cNycqd/35A7MjcnK+ZTqE7judS6o7utxUCg6imJg3QK2qzHKszlTjcj2cn+NwMB2i96ubpj7w==, registry: https://gitlab.stashaway.com/api/v4/packages/npm/, tarball: https://registry.npmjs.org/@types/prop-types/-/prop-types-15.7.5.tgz}
    name: '@types/prop-types'
    version: 15.7.5
    dev: false

  registry.npmjs.org/@types/react-dom@18.2.7:
    resolution: {integrity: sha512-GRaAEriuT4zp9N4p1i8BDBYmEyfo+xQ3yHjJU4eiK5NDa1RmUZG+unZABUTK4/Ox/M+GaHwb6Ow8rUITrtjszA==, registry: https://gitlab.stashaway.com/api/v4/packages/npm/, tarball: https://registry.npmjs.org/@types/react-dom/-/react-dom-18.2.7.tgz}
    name: '@types/react-dom'
    version: 18.2.7
    dependencies:
      '@types/react': registry.npmjs.org/@types/react@18.2.16
    dev: false

  registry.npmjs.org/@types/react@18.2.16:
    resolution: {integrity: sha512-LLFWr12ZhBJ4YVw7neWLe6Pk7Ey5R9OCydfuMsz1L8bZxzaawJj2p06Q8/EFEHDeTBQNFLF62X+CG7B2zIyu0Q==, registry: https://gitlab.stashaway.com/api/v4/packages/npm/, tarball: https://registry.npmjs.org/@types/react/-/react-18.2.16.tgz}
    name: '@types/react'
    version: 18.2.16
    dependencies:
      '@types/prop-types': registry.npmjs.org/@types/prop-types@15.7.5
      '@types/scheduler': registry.npmjs.org/@types/scheduler@0.16.3
      csstype: registry.npmjs.org/csstype@3.1.2
    dev: false

  registry.npmjs.org/@types/scheduler@0.16.3:
    resolution: {integrity: sha512-5cJ8CB4yAx7BH1oMvdU0Jh9lrEXyPkar6F9G/ERswkCuvP4KQZfZkSjcMbAICCpQTN4OuZn8tz0HiKv9TGZgrQ==, registry: https://gitlab.stashaway.com/api/v4/packages/npm/, tarball: https://registry.npmjs.org/@types/scheduler/-/scheduler-0.16.3.tgz}
    name: '@types/scheduler'
    version: 0.16.3
    dev: false

  registry.npmjs.org/busboy@1.6.0:
    resolution: {integrity: sha512-8SFQbg/0hQ9xy3UNTB0YEnsNBbWfhf7RtnzpL7TkBiTBRfrQ9Fxcnz7VJsleJpyp6rVLvXiuORqjlHi5q+PYuA==, registry: https://gitlab.stashaway.com/api/v4/packages/npm/, tarball: https://registry.npmjs.org/busboy/-/busboy-1.6.0.tgz}
    name: busboy
    version: 1.6.0
    engines: {node: '>=10.16.0'}
    dependencies:
      streamsearch: registry.npmjs.org/streamsearch@1.1.0
    dev: false

  registry.npmjs.org/caniuse-lite@1.0.30001517:
    resolution: {integrity: sha512-Vdhm5S11DaFVLlyiKu4hiUTkpZu+y1KA/rZZqVQfOD5YdDT/eQKlkt7NaE0WGOFgX32diqt9MiP9CAiFeRklaA==, registry: https://gitlab.stashaway.com/api/v4/packages/npm/, tarball: https://registry.npmjs.org/caniuse-lite/-/caniuse-lite-1.0.30001517.tgz}
    name: caniuse-lite
    version: 1.0.30001517
    dev: false

  registry.npmjs.org/client-only@0.0.1:
    resolution: {integrity: sha512-IV3Ou0jSMzZrd3pZ48nLkT9DA7Ag1pnPzaiQhpW7c3RbcqqzvzzVu+L8gfqMp/8IM2MQtSiqaCxrrcfu8I8rMA==, registry: https://gitlab.stashaway.com/api/v4/packages/npm/, tarball: https://registry.npmjs.org/client-only/-/client-only-0.0.1.tgz}
    name: client-only
    version: 0.0.1
    dev: false

  registry.npmjs.org/csstype@3.1.2:
    resolution: {integrity: sha512-I7K1Uu0MBPzaFKg4nI5Q7Vs2t+3gWWW648spaF+Rg7pI9ds18Ugn+lvg4SHczUdKlHI5LWBXyqfS8+DufyBsgQ==, registry: https://gitlab.stashaway.com/api/v4/packages/npm/, tarball: https://registry.npmjs.org/csstype/-/csstype-3.1.2.tgz}
    name: csstype
    version: 3.1.2
    dev: false

  registry.npmjs.org/glob-to-regexp@0.4.1:
    resolution: {integrity: sha512-lkX1HJXwyMcprw/5YUZc2s7DrpAiHB21/V+E1rHUrVNokkvB6bqMzT0VfV6/86ZNabt1k14YOIaT7nDvOX3Iiw==, registry: https://gitlab.stashaway.com/api/v4/packages/npm/, tarball: https://registry.npmjs.org/glob-to-regexp/-/glob-to-regexp-0.4.1.tgz}
    name: glob-to-regexp
    version: 0.4.1
    dev: false

  registry.npmjs.org/graceful-fs@4.2.11:
    resolution: {integrity: sha512-RbJ5/jmFcNNCcDV5o9eTnBLJ/HszWV0P73bc+Ff4nS/rJj+YaS6IGyiOL0VoBYX+l1Wrl3k63h/KrH+nhJ0XvQ==, registry: https://gitlab.stashaway.com/api/v4/packages/npm/, tarball: https://registry.npmjs.org/graceful-fs/-/graceful-fs-4.2.11.tgz}
    name: graceful-fs
    version: 4.2.11
    dev: false

  registry.npmjs.org/js-tokens@4.0.0:
    resolution: {integrity: sha512-RdJUflcE3cUzKiMqQgsCu06FPu9UdIJO0beYbPhHN4k6apgJtifcoCtT9bcxOpYBtpD2kCM6Sbzg4CausW/PKQ==, registry: https://gitlab.stashaway.com/api/v4/packages/npm/, tarball: https://registry.npmjs.org/js-tokens/-/js-tokens-4.0.0.tgz}
    name: js-tokens
    version: 4.0.0
    dev: false

  registry.npmjs.org/loose-envify@1.4.0:
    resolution: {integrity: sha512-lyuxPGr/Wfhrlem2CL/UcnUc1zcqKAImBDzukY7Y5F/yQiNdko6+fRLevlw1HgMySw7f611UIY408EtxRSoK3Q==, registry: https://gitlab.stashaway.com/api/v4/packages/npm/, tarball: https://registry.npmjs.org/loose-envify/-/loose-envify-1.4.0.tgz}
    name: loose-envify
    version: 1.4.0
    hasBin: true
    dependencies:
      js-tokens: registry.npmjs.org/js-tokens@4.0.0
    dev: false

  registry.npmjs.org/nanoid@3.3.6:
    resolution: {integrity: sha512-BGcqMMJuToF7i1rt+2PWSNVnWIkGCU78jBG3RxO/bZlnZPK2Cmi2QaffxGO/2RvWi9sL+FAiRiXMgsyxQ1DIDA==, registry: https://gitlab.stashaway.com/api/v4/packages/npm/, tarball: https://registry.npmjs.org/nanoid/-/nanoid-3.3.6.tgz}
    name: nanoid
    version: 3.3.6
    engines: {node: ^10 || ^12 || ^13.7 || ^14 || >=15.0.1}
    hasBin: true
    dev: false

  registry.npmjs.org/next@13.4.12(react-dom@18.2.0)(react@18.2.0):
    resolution: {integrity: sha512-eHfnru9x6NRmTMcjQp6Nz0J4XH9OubmzOa7CkWL+AUrUxpibub3vWwttjduu9No16dug1kq04hiUUpo7J3m3Xw==, registry: https://gitlab.stashaway.com/api/v4/packages/npm/, tarball: https://registry.npmjs.org/next/-/next-13.4.12.tgz}
    id: registry.npmjs.org/next/13.4.12
    name: next
    version: 13.4.12
    engines: {node: '>=16.8.0'}
    hasBin: true
    peerDependencies:
      '@opentelemetry/api': ^1.1.0
      fibers: '>= 3.1.0'
      react: ^18.2.0
      react-dom: ^18.2.0
      sass: ^1.3.0
    peerDependenciesMeta:
      '@opentelemetry/api':
        optional: true
      fibers:
        optional: true
      sass:
        optional: true
    dependencies:
      '@next/env': registry.npmjs.org/@next/env@13.4.12
      '@swc/helpers': registry.npmjs.org/@swc/helpers@0.5.1
      busboy: registry.npmjs.org/busboy@1.6.0
      caniuse-lite: registry.npmjs.org/caniuse-lite@1.0.30001517
      postcss: registry.npmjs.org/postcss@8.4.14
      react: registry.npmjs.org/react@18.2.0
      react-dom: registry.npmjs.org/react-dom@18.2.0(react@18.2.0)
      styled-jsx: registry.npmjs.org/styled-jsx@5.1.1(react@18.2.0)
      watchpack: registry.npmjs.org/watchpack@2.4.0
      zod: registry.npmjs.org/zod@3.21.4
    optionalDependencies:
      '@next/swc-darwin-arm64': registry.npmjs.org/@next/swc-darwin-arm64@13.4.12
      '@next/swc-darwin-x64': registry.npmjs.org/@next/swc-darwin-x64@13.4.12
      '@next/swc-linux-arm64-gnu': registry.npmjs.org/@next/swc-linux-arm64-gnu@13.4.12
      '@next/swc-linux-arm64-musl': registry.npmjs.org/@next/swc-linux-arm64-musl@13.4.12
      '@next/swc-linux-x64-gnu': registry.npmjs.org/@next/swc-linux-x64-gnu@13.4.12
      '@next/swc-linux-x64-musl': registry.npmjs.org/@next/swc-linux-x64-musl@13.4.12
      '@next/swc-win32-arm64-msvc': registry.npmjs.org/@next/swc-win32-arm64-msvc@13.4.12
      '@next/swc-win32-ia32-msvc': registry.npmjs.org/@next/swc-win32-ia32-msvc@13.4.12
      '@next/swc-win32-x64-msvc': registry.npmjs.org/@next/swc-win32-x64-msvc@13.4.12
    transitivePeerDependencies:
      - '@babel/core'
      - babel-plugin-macros
    dev: false

  registry.npmjs.org/picocolors@1.0.0:
    resolution: {integrity: sha512-1fygroTLlHu66zi26VoTDv8yRgm0Fccecssto+MhsZ0D/DGW2sm8E8AjW7NU5VVTRt5GxbeZ5qBuJr+HyLYkjQ==, registry: https://gitlab.stashaway.com/api/v4/packages/npm/, tarball: https://registry.npmjs.org/picocolors/-/picocolors-1.0.0.tgz}
    name: picocolors
    version: 1.0.0
    dev: false

  registry.npmjs.org/postcss@8.4.14:
    resolution: {integrity: sha512-E398TUmfAYFPBSdzgeieK2Y1+1cpdxJx8yXbK/m57nRhKSmk1GB2tO4lbLBtlkfPQTDKfe4Xqv1ASWPpayPEig==, registry: https://gitlab.stashaway.com/api/v4/packages/npm/, tarball: https://registry.npmjs.org/postcss/-/postcss-8.4.14.tgz}
    name: postcss
    version: 8.4.14
    engines: {node: ^10 || ^12 || >=14}
    dependencies:
      nanoid: registry.npmjs.org/nanoid@3.3.6
      picocolors: registry.npmjs.org/picocolors@1.0.0
      source-map-js: registry.npmjs.org/source-map-js@1.0.2
    dev: false

  registry.npmjs.org/react-dom@18.2.0(react@18.2.0):
    resolution: {integrity: sha512-6IMTriUmvsjHUjNtEDudZfuDQUoWXVxKHhlEGSk81n4YFS+r/Kl99wXiwlVXtPBtJenozv2P+hxDsw9eA7Xo6g==, registry: https://gitlab.stashaway.com/api/v4/packages/npm/, tarball: https://registry.npmjs.org/react-dom/-/react-dom-18.2.0.tgz}
    id: registry.npmjs.org/react-dom/18.2.0
    name: react-dom
    version: 18.2.0
    peerDependencies:
      react: ^18.2.0
    dependencies:
      loose-envify: registry.npmjs.org/loose-envify@1.4.0
      react: registry.npmjs.org/react@18.2.0
      scheduler: registry.npmjs.org/scheduler@0.23.0
    dev: false

  registry.npmjs.org/react@18.2.0:
    resolution: {integrity: sha512-/3IjMdb2L9QbBdWiW5e3P2/npwMBaU9mHCSCUzNln0ZCYbcfTsGbTJrU/kGemdH2IWmB2ioZ+zkxtmq6g09fGQ==, registry: https://gitlab.stashaway.com/api/v4/packages/npm/, tarball: https://registry.npmjs.org/react/-/react-18.2.0.tgz}
    name: react
    version: 18.2.0
    engines: {node: '>=0.10.0'}
    dependencies:
      loose-envify: registry.npmjs.org/loose-envify@1.4.0
    dev: false

  registry.npmjs.org/scheduler@0.23.0:
    resolution: {integrity: sha512-CtuThmgHNg7zIZWAXi3AsyIzA3n4xx7aNyjwC2VJldO2LMVDhFK+63xGqq6CsJH4rTAt6/M+N4GhZiDYPx9eUw==, registry: https://gitlab.stashaway.com/api/v4/packages/npm/, tarball: https://registry.npmjs.org/scheduler/-/scheduler-0.23.0.tgz}
    name: scheduler
    version: 0.23.0
    dependencies:
      loose-envify: registry.npmjs.org/loose-envify@1.4.0
    dev: false

  registry.npmjs.org/source-map-js@1.0.2:
    resolution: {integrity: sha512-R0XvVJ9WusLiqTCEiGCmICCMplcCkIwwR11mOSD9CR5u+IXYdiseeEuXCVAjS54zqwkLcPNnmU4OeJ6tUrWhDw==, registry: https://gitlab.stashaway.com/api/v4/packages/npm/, tarball: https://registry.npmjs.org/source-map-js/-/source-map-js-1.0.2.tgz}
    name: source-map-js
    version: 1.0.2
    engines: {node: '>=0.10.0'}
    dev: false

  registry.npmjs.org/streamsearch@1.1.0:
    resolution: {integrity: sha512-Mcc5wHehp9aXz1ax6bZUyY5afg9u2rv5cqQI3mRrYkGC8rW2hM02jWuwjtL++LS5qinSyhj2QfLyNsuc+VsExg==, registry: https://gitlab.stashaway.com/api/v4/packages/npm/, tarball: https://registry.npmjs.org/streamsearch/-/streamsearch-1.1.0.tgz}
    name: streamsearch
    version: 1.1.0
    engines: {node: '>=10.0.0'}
    dev: false

  registry.npmjs.org/styled-jsx@5.1.1(react@18.2.0):
    resolution: {integrity: sha512-pW7uC1l4mBZ8ugbiZrcIsiIvVx1UmTfw7UkC3Um2tmfUq9Bhk8IiyEIPl6F8agHgjzku6j0xQEZbfA5uSgSaCw==, registry: https://gitlab.stashaway.com/api/v4/packages/npm/, tarball: https://registry.npmjs.org/styled-jsx/-/styled-jsx-5.1.1.tgz}
    id: registry.npmjs.org/styled-jsx/5.1.1
    name: styled-jsx
    version: 5.1.1
    engines: {node: '>= 12.0.0'}
    peerDependencies:
      '@babel/core': '*'
      babel-plugin-macros: '*'
      react: '>= 16.8.0 || 17.x.x || ^18.0.0-0'
    peerDependenciesMeta:
      '@babel/core':
        optional: true
      babel-plugin-macros:
        optional: true
    dependencies:
      client-only: registry.npmjs.org/client-only@0.0.1
      react: registry.npmjs.org/react@18.2.0
    dev: false

  registry.npmjs.org/tslib@2.6.1:
    resolution: {integrity: sha512-t0hLfiEKfMUoqhG+U1oid7Pva4bbDPHYfJNiB7BiIjRkj1pyC++4N3huJfqY6aRH6VTB0rvtzQwjM4K6qpfOig==, registry: https://gitlab.stashaway.com/api/v4/packages/npm/, tarball: https://registry.npmjs.org/tslib/-/tslib-2.6.1.tgz}
    name: tslib
    version: 2.6.1
    dev: false

  registry.npmjs.org/typescript@5.1.6:
    resolution: {integrity: sha512-zaWCozRZ6DLEWAWFrVDz1H6FVXzUSfTy5FUMWsQlU8Ym5JP9eO4xkTIROFCQvhQf61z6O/G6ugw3SgAnvvm+HA==, registry: https://gitlab.stashaway.com/api/v4/packages/npm/, tarball: https://registry.npmjs.org/typescript/-/typescript-5.1.6.tgz}
    name: typescript
    version: 5.1.6
    engines: {node: '>=14.17'}
    hasBin: true
    dev: false

  registry.npmjs.org/watchpack@2.4.0:
    resolution: {integrity: sha512-Lcvm7MGST/4fup+ifyKi2hjyIAwcdI4HRgtvTpIUxBRhB+RFtUh8XtDOxUfctVCnhVi+QQj49i91OyvzkJl6cg==, registry: https://gitlab.stashaway.com/api/v4/packages/npm/, tarball: https://registry.npmjs.org/watchpack/-/watchpack-2.4.0.tgz}
    name: watchpack
    version: 2.4.0
    engines: {node: '>=10.13.0'}
    dependencies:
      glob-to-regexp: registry.npmjs.org/glob-to-regexp@0.4.1
      graceful-fs: registry.npmjs.org/graceful-fs@4.2.11
    dev: false

  registry.npmjs.org/zod@3.21.4:
    resolution: {integrity: sha512-m46AKbrzKVzOzs/DZgVnG5H55N1sv1M8qZU3A8RIKbs3mrACDNeIOeilDymVb2HdmP8uwshOCF4uJ8uM9rCqJw==, registry: https://gitlab.stashaway.com/api/v4/packages/npm/, tarball: https://registry.npmjs.org/zod/-/zod-3.21.4.tgz}
    name: zod
    version: 3.21.4
    dev: false
